
Microsoft Visual Studio Solution File, Format Version 11.00
# Visual Studio 2010
Project("{FAE04EC0-301F-11D3-BF4B-00C04F79EFBC}") = "ConverterLib", "ConverterLib\ConverterLib.csproj", "{348D9D85-DD01-414E-8DA7-9E4C0DAEF9E5}"
EndProject
Project("{FAE04EC0-301F-11D3-BF4B-00C04F79EFBC}") = "SharedUserClasses", "SharedUserClasses\SharedUserClasses.csproj", "{DA0174A2-7ADD-4EDB-A49C-AD19B0B0AF0E}"
EndProject
Project("{FAE04EC0-301F-11D3-BF4B-00C04F79EFBC}") = "ConverterConsole", "ConverterConsole\ConverterConsole.csproj", "{47752B0E-C5A7-4A63-98F1-A32DAC66E168}"
EndProject
Global
	GlobalSection(SolutionConfigurationPlatforms) = preSolution
		Debug|Any CPU = Debug|Any CPU
		Debug|Mixed Platforms = Debug|Mixed Platforms
		Debug|x86 = Debug|x86
		Release|Any CPU = Release|Any CPU
		Release|Mixed Platforms = Release|Mixed Platforms
		Release|x86 = Release|x86
	EndGlobalSection
	GlobalSection(ProjectConfigurationPlatforms) = postSolution
		{348D9D85-DD01-414E-8DA7-9E4C0DAEF9E5}.Debug|Any CPU.ActiveCfg = Debug|x86
		{348D9D85-DD01-414E-8DA7-9E4C0DAEF9E5}.Debug|Mixed Platforms.ActiveCfg = Debug|x86
		{348D9D85-DD01-414E-8DA7-9E4C0DAEF9E5}.Debug|Mixed Platforms.Build.0 = Debug|x86
		{348D9D85-DD01-414E-8DA7-9E4C0DAEF9E5}.Debug|x86.ActiveCfg = Debug|x86
		{348D9D85-DD01-414E-8DA7-9E4C0DAEF9E5}.Debug|x86.Build.0 = Debug|x86
		{348D9D85-DD01-414E-8DA7-9E4C0DAEF9E5}.Release|Any CPU.ActiveCfg = Release|x86
		{348D9D85-DD01-414E-8DA7-9E4C0DAEF9E5}.Release|Mixed Platforms.ActiveCfg = Release|x86
		{348D9D85-DD01-414E-8DA7-9E4C0DAEF9E5}.Release|Mixed Platforms.Build.0 = Release|x86
		{348D9D85-DD01-414E-8DA7-9E4C0DAEF9E5}.Release|x86.ActiveCfg = Release|x86
		{348D9D85-DD01-414E-8DA7-9E4C0DAEF9E5}.Release|x86.Build.0 = Release|x86
		{DA0174A2-7ADD-4EDB-A49C-AD19B0B0AF0E}.Debug|Any CPU.ActiveCfg = Debug|Any CPU
		{DA0174A2-7ADD-4EDB-A49C-AD19B0B0AF0E}.Debug|Any CPU.Build.0 = Debug|Any CPU
		{DA0174A2-7ADD-4EDB-A49C-AD19B0B0AF0E}.Debug|Mixed Platforms.ActiveCfg = Debug|Any CPU
		{DA0174A2-7ADD-4EDB-A49C-AD19B0B0AF0E}.Debug|Mixed Platforms.Build.0 = Debug|Any CPU
		{DA0174A2-7ADD-4EDB-A49C-AD19B0B0AF0E}.Debug|x86.ActiveCfg = Debug|Any CPU
		{DA0174A2-7ADD-4EDB-A49C-AD19B0B0AF0E}.Release|Any CPU.ActiveCfg = Release|Any CPU
		{DA0174A2-7ADD-4EDB-A49C-AD19B0B0AF0E}.Release|Any CPU.Build.0 = Release|Any CPU
		{DA0174A2-7ADD-4EDB-A49C-AD19B0B0AF0E}.Release|Mixed Platforms.ActiveCfg = Release|Any CPU
		{DA0174A2-7ADD-4EDB-A49C-AD19B0B0AF0E}.Release|Mixed Platforms.Build.0 = Release|Any CPU
		{DA0174A2-7ADD-4EDB-A49C-AD19B0B0AF0E}.Release|x86.ActiveCfg = Release|Any CPU
		{47752B0E-C5A7-4A63-98F1-A32DAC66E168}.Debug|Any CPU.ActiveCfg = Debug|x86
		{47752B0E-C5A7-4A63-98F1-A32DAC66E168}.Debug|Mixed Platforms.ActiveCfg = Debug|x86
		{47752B0E-C5A7-4A63-98F1-A32DAC66E168}.Debug|Mixed Platforms.Build.0 = Debug|x86
		{47752B0E-C5A7-4A63-98F1-A32DAC66E168}.Debug|x86.ActiveCfg = Debug|x86
		{47752B0E-C5A7-4A63-98F1-A32DAC66E168}.Debug|x86.Build.0 = Debug|x86
		{47752B0E-C5A7-4A63-98F1-A32DAC66E168}.Release|Any CPU.ActiveCfg = Release|x86
		{47752B0E-C5A7-4A63-98F1-A32DAC66E168}.Release|Mixed Platforms.ActiveCfg = Release|x86
		{47752B0E-C5A7-4A63-98F1-A32DAC66E168}.Release|Mixed Platforms.Build.0 = Release|x86
		{47752B0E-C5A7-4A63-98F1-A32DAC66E168}.Release|x86.ActiveCfg = Release|x86
		{47752B0E-C5A7-4A63-98F1-A32DAC66E168}.Release|x86.Build.0 = Release|x86
	EndGlobalSection
	GlobalSection(SolutionProperties) = preSolution
		HideSolutionNode = FALSE
	EndGlobalSection
EndGlobal
